<?xml version="1.0" encoding="utf-8"?>
<Project ToolsVersion="4.0" xmlns="http://schemas.microsoft.com/developer/msbuild/2003">
  <ItemGroup>
    <Filter Include="Source Files">
      <UniqueIdentifier>{4FC737F1-C7A5-4376-A066-2A32D752A2FF}</UniqueIdentifier>
      <Extensions>cpp;c;cc;cxx;def;odl;idl;hpj;bat;asm;asmx</Extensions>
    </Filter>
    <Filter Include="Header Files">
      <UniqueIdentifier>{93995380-89BD-4b04-88EB-625FBE52EBFB}</UniqueIdentifier>
      <Extensions>h;hh;hpp;hxx;hm;inl;inc;ipp;xsd</Extensions>
    </Filter>
    <Filter Include="Resource Files">
      <UniqueIdentifier>{67DA6AB6-F800-4c08-8B7A-83BB121AAD01}</UniqueIdentifier>
      <Extensions>rc;ico;cur;bmp;dlg;rc2;rct;bin;rgs;gif;jpg;jpeg;jpe;resx;tiff;tif;png;wav;mfcribbon-ms</Extensions>
    </Filter>
    <Filter Include="Framework">
      <UniqueIdentifier>{f2badd73-2c61-4d1a-996c-51af9b66bfe4}</UniqueIdentifier>
    </Filter>
    <Filter Include="Environment">
      <UniqueIdentifier>{4c62412a-867d-4777-b515-2519c8327911}</UniqueIdentifier>
    </Filter>
    <Filter Include="Network side">
      <UniqueIdentifier>{74699e44-a36f-4613-b641-133a8a5b6c82}</UniqueIdentifier>
    </Filter>
    <Filter Include="Screens">
      <UniqueIdentifier>{f4ac96b9-f8fd-430b-84c1-4f9015ea9c67}</UniqueIdentifier>
    </Filter>
    <Filter Include="Helper Functions">
      <UniqueIdentifier>{a914ea92-8e65-4591-9ebd-01d5b3ff2de9}</UniqueIdentifier>
    </Filter>
  </ItemGroup>
  <ItemGroup>
    <ClCompile Include="Main.cpp">
      <Filter>Source Files</Filter>
    </ClCompile>
    <ClCompile Include="Framework\Animation.cpp">
      <Filter>Framework</Filter>
    </ClCompile>
    <ClCompile Include="Framework\Collision.cpp">
      <Filter>Framework</Filter>
    </ClCompile>
    <ClCompile Include="Framework\Input.cpp">
      <Filter>Framework</Filter>
    </ClCompile>
    <ClCompile Include="Framework\Vector.cpp">
      <Filter>Framework</Filter>
    </ClCompile>
    <ClCompile Include="Level.cpp">
      <Filter>Source Files</Filter>
    </ClCompile>
    <ClCompile Include="Framework\AudioManager.cpp">
      <Filter>Framework</Filter>
    </ClCompile>
    <ClCompile Include="Framework\MusicObject.cpp">
      <Filter>Framework</Filter>
    </ClCompile>
    <ClCompile Include="Framework\SoundObject.cpp">
      <Filter>Framework</Filter>
    </ClCompile>
    <ClCompile Include="Framework\GameObject.cpp">
      <Filter>Framework</Filter>
    </ClCompile>
    <ClCompile Include="Environment.cpp">
      <Filter>Environment</Filter>
    </ClCompile>
    <ClCompile Include="P2P_Network.cpp">
      <Filter>Network side</Filter>
    </ClCompile>
    <ClCompile Include="PacketBase.cpp">
      <Filter>Network side</Filter>
    </ClCompile>
    <ClCompile Include="MainMenu.cpp">
      <Filter>Screens</Filter>
    </ClCompile>
    <ClCompile Include="HelperFunctions.cpp">
      <Filter>Helper Functions</Filter>
    </ClCompile>
    <ClCompile Include="Lobby.cpp">
      <Filter>Screens</Filter>
    </ClCompile>
  </ItemGroup>
  <ItemGroup>
    <Text Include="README.txt">
      <Filter>Framework</Filter>
    </Text>
    <Text Include="DO_NOT_EDIT.txt">
      <Filter>Framework</Filter>
    </Text>
  </ItemGroup>
  <ItemGroup>
    <ClInclude Include="Framework\Animation.h">
      <Filter>Framework</Filter>
    </ClInclude>
    <ClInclude Include="Framework\Collision.h">
      <Filter>Framework</Filter>
    </ClInclude>
    <ClInclude Include="Framework\Input.h">
      <Filter>Framework</Filter>
    </ClInclude>
    <ClInclude Include="Framework\Vector.h">
      <Filter>Framework</Filter>
    </ClInclude>
    <ClInclude Include="Level.h">
      <Filter>Header Files</Filter>
    </ClInclude>
    <ClInclude Include="Framework\AudioManager.h">
      <Filter>Framework</Filter>
    </ClInclude>
    <ClInclude Include="Framework\MusicObject.h">
      <Filter>Framework</Filter>
    </ClInclude>
    <ClInclude Include="Framework\SoundObject.h">
      <Filter>Framework</Filter>
    </ClInclude>
    <ClInclude Include="Framework\GameObject.h">
      <Filter>Framework</Filter>
    </ClInclude>
    <ClInclude Include="Environment.h">
      <Filter>Environment</Filter>
    </ClInclude>
    <ClInclude Include="P2P_Network.h">
      <Filter>Network side</Filter>
    </ClInclude>
    <ClInclude Include="PacketBase.h">
      <Filter>Network side</Filter>
    </ClInclude>
    <ClInclude Include="MainMenu.h">
      <Filter>Screens</Filter>
    </ClInclude>
    <ClInclude Include="HelperFunctions.h">
      <Filter>Helper Functions</Filter>
    </ClInclude>
    <ClInclude Include="Lobby.h">
      <Filter>Screens</Filter>
    </ClInclude>
  </ItemGroup>
</Project>